
Microsoft Visual Studio Solution File, Format Version 12.00
# Visual Studio Version 17
VisualStudioVersion = 17.14.36401.2
MinimumVisualStudioVersion = 10.0.40219.1
Project("{8BC9CEB8-8B4A-11D0-8D11-00A0C91BC942}") = "05. TIPO DE RETORNO NO VOID", "05. TIPO DE RETORNO NO VOID\05. TIPO DE RETORNO NO VOID.vcxproj", "{6CF22EFE-727F-4E35-A2F2-10E52FB2A6E2}"
EndProject
Project("{8BC9CEB8-8B4A-11D0-8D11-00A0C91BC942}") = "06. TIPO DE RETORNO NO VOID I", "06. TIPO DE RETORNO NO VOID I\06. TIPO DE RETORNO NO VOID I.vcxproj", "{ABDBD249-A8C2-4546-9D18-EBB30B3175B3}"
EndProject
Project("{8BC9CEB8-8B4A-11D0-8D11-00A0C91BC942}") = "07. TIPO DE RETORNO NO VOID II", "07. TIPO DE RETORNO NO VOID II\07. TIPO DE RETORNO NO VOID II.vcxproj", "{B64E205C-8862-9761-EC53-63FFB534E0E3}"
EndProject
Project("{8BC9CEB8-8B4A-11D0-8D11-00A0C91BC942}") = "12. PROTOTIPO DE FUNCIONES", "12. PROTOTIPO DE FUNCIONES\12. PROTOTIPO DE FUNCIONES.vcxproj", "{45BB2F3F-CABB-0B98-9347-5905528079D9}"
EndProject
Project("{8BC9CEB8-8B4A-11D0-8D11-00A0C91BC942}") = "13. PARAMETRO POR VALOR + Y POR REFERENCIA &", "13. PARAMETRO POR VALOR + Y POR REFERENCIA &\13. PARAMETRO POR VALOR + Y POR REFERENCIA &.vcxproj", "{BD0F3C2D-FBAD-0762-DBA9-8E0158A7731F}"
EndProject
Project("{8BC9CEB8-8B4A-11D0-8D11-00A0C91BC942}") = "14. ARGUMENTOS PREDETERMINADOS Y USO", "14. ARGUMENTOS PREDETERMINADOS Y USO\14. ARGUMENTOS PREDETERMINADOS Y USO.vcxproj", "{C3728328-FF3A-4975-48E2-CF2F95E6D55C}"
EndProject
Project("{8BC9CEB8-8B4A-11D0-8D11-00A0C91BC942}") = "01. ESCRITURA DE FUNCION", "01. ESCRITURA DE FUNCION\EJEMPLO 1 CLASE 3 UNI.vcxproj", "{137452A0-C16F-8CD3-3809-A6A95DD683ED}"
EndProject
Project("{8BC9CEB8-8B4A-11D0-8D11-00A0C91BC942}") = "02. REUTILIZACION", "02. REUTILIZACION\2. REUTILIZACION.vcxproj", "{3401E7A4-BF0E-6D1F-39E2-00BE0D129E85}"
EndProject
Project("{8BC9CEB8-8B4A-11D0-8D11-00A0C91BC942}") = "03. REUTILIZACION II", "03. REUTILIZACION II\3. REUTILIZACION II.vcxproj", "{7759B1FC-AF7A-F309-7512-3126B9D3708E}"
EndProject
Project("{8BC9CEB8-8B4A-11D0-8D11-00A0C91BC942}") = "04. FUNCION IGNORA VALOR DE RETORNO", "04. FUNCION IGNORA VALOR DE RETORNO\4. FUNCION IGNORA VALOR DE RETORNO.vcxproj", "{AC0484B5-8E95-441D-A8EB-C7733DF18590}"
EndProject
Project("{8BC9CEB8-8B4A-11D0-8D11-00A0C91BC942}") = "08. TIPO DE RETORNO NO VOID III", "08. TIPO DE RETORNO NO VOID III\8. TIPO DE RETORNO NO VOID.vcxproj", "{005FF95A-D9EB-1C1D-9EDE-7D1B3E2F794C}"
EndProject
Project("{8BC9CEB8-8B4A-11D0-8D11-00A0C91BC942}") = "09. PARAMETRO VOID", "09. PARAMETRO VOID\9. FUNCION CON PARAMETRO VOID.vcxproj", "{06DDE1FA-CA90-B560-8C67-896C7737DFB7}"
EndProject
Project("{8BC9CEB8-8B4A-11D0-8D11-00A0C91BC942}") = "10. TIPO DE RETORNO VOID", "10. TIPO DE RETORNO VOID\10. FUNCIONES CON TIPO DE RETORNO VOID I.vcxproj", "{27CA995F-CD15-4CEA-FACD-437CBB834C03}"
EndProject
Project("{8BC9CEB8-8B4A-11D0-8D11-00A0C91BC942}") = "11. FUNCIONES CON RAND()", "11. FUNCIONES CON RAND()\FUNCIONES CON RAND().vcxproj", "{90D20B03-0495-DC94-63C2-8EFC88918B67}"
EndProject
Global
	GlobalSection(SolutionConfigurationPlatforms) = preSolution
		Debug|x64 = Debug|x64
		Debug|x86 = Debug|x86
		Release|x64 = Release|x64
		Release|x86 = Release|x86
	EndGlobalSection
	GlobalSection(ProjectConfigurationPlatforms) = postSolution
		{6CF22EFE-727F-4E35-A2F2-10E52FB2A6E2}.Debug|x64.ActiveCfg = Debug|x64
		{6CF22EFE-727F-4E35-A2F2-10E52FB2A6E2}.Debug|x64.Build.0 = Debug|x64
		{6CF22EFE-727F-4E35-A2F2-10E52FB2A6E2}.Debug|x86.ActiveCfg = Debug|Win32
		{6CF22EFE-727F-4E35-A2F2-10E52FB2A6E2}.Debug|x86.Build.0 = Debug|Win32
		{6CF22EFE-727F-4E35-A2F2-10E52FB2A6E2}.Release|x64.ActiveCfg = Release|x64
		{6CF22EFE-727F-4E35-A2F2-10E52FB2A6E2}.Release|x64.Build.0 = Release|x64
		{6CF22EFE-727F-4E35-A2F2-10E52FB2A6E2}.Release|x86.ActiveCfg = Release|Win32
		{6CF22EFE-727F-4E35-A2F2-10E52FB2A6E2}.Release|x86.Build.0 = Release|Win32
		{ABDBD249-A8C2-4546-9D18-EBB30B3175B3}.Debug|x64.ActiveCfg = Debug|x64
		{ABDBD249-A8C2-4546-9D18-EBB30B3175B3}.Debug|x64.Build.0 = Debug|x64
		{ABDBD249-A8C2-4546-9D18-EBB30B3175B3}.Debug|x86.ActiveCfg = Debug|Win32
		{ABDBD249-A8C2-4546-9D18-EBB30B3175B3}.Debug|x86.Build.0 = Debug|Win32
		{ABDBD249-A8C2-4546-9D18-EBB30B3175B3}.Release|x64.ActiveCfg = Release|x64
		{ABDBD249-A8C2-4546-9D18-EBB30B3175B3}.Release|x64.Build.0 = Release|x64
		{ABDBD249-A8C2-4546-9D18-EBB30B3175B3}.Release|x86.ActiveCfg = Release|Win32
		{ABDBD249-A8C2-4546-9D18-EBB30B3175B3}.Release|x86.Build.0 = Release|Win32
		{B64E205C-8862-9761-EC53-63FFB534E0E3}.Debug|x64.ActiveCfg = Debug|x64
		{B64E205C-8862-9761-EC53-63FFB534E0E3}.Debug|x64.Build.0 = Debug|x64
		{B64E205C-8862-9761-EC53-63FFB534E0E3}.Debug|x86.ActiveCfg = Debug|Win32
		{B64E205C-8862-9761-EC53-63FFB534E0E3}.Debug|x86.Build.0 = Debug|Win32
		{B64E205C-8862-9761-EC53-63FFB534E0E3}.Release|x64.ActiveCfg = Release|x64
		{B64E205C-8862-9761-EC53-63FFB534E0E3}.Release|x64.Build.0 = Release|x64
		{B64E205C-8862-9761-EC53-63FFB534E0E3}.Release|x86.ActiveCfg = Release|Win32
		{B64E205C-8862-9761-EC53-63FFB534E0E3}.Release|x86.Build.0 = Release|Win32
		{45BB2F3F-CABB-0B98-9347-5905528079D9}.Debug|x64.ActiveCfg = Debug|x64
		{45BB2F3F-CABB-0B98-9347-5905528079D9}.Debug|x64.Build.0 = Debug|x64
		{45BB2F3F-CABB-0B98-9347-5905528079D9}.Debug|x86.ActiveCfg = Debug|Win32
		{45BB2F3F-CABB-0B98-9347-5905528079D9}.Debug|x86.Build.0 = Debug|Win32
		{45BB2F3F-CABB-0B98-9347-5905528079D9}.Release|x64.ActiveCfg = Release|x64
		{45BB2F3F-CABB-0B98-9347-5905528079D9}.Release|x64.Build.0 = Release|x64
		{45BB2F3F-CABB-0B98-9347-5905528079D9}.Release|x86.ActiveCfg = Release|Win32
		{45BB2F3F-CABB-0B98-9347-5905528079D9}.Release|x86.Build.0 = Release|Win32
		{BD0F3C2D-FBAD-0762-DBA9-8E0158A7731F}.Debug|x64.ActiveCfg = Debug|x64
		{BD0F3C2D-FBAD-0762-DBA9-8E0158A7731F}.Debug|x64.Build.0 = Debug|x64
		{BD0F3C2D-FBAD-0762-DBA9-8E0158A7731F}.Debug|x86.ActiveCfg = Debug|Win32
		{BD0F3C2D-FBAD-0762-DBA9-8E0158A7731F}.Debug|x86.Build.0 = Debug|Win32
		{BD0F3C2D-FBAD-0762-DBA9-8E0158A7731F}.Release|x64.ActiveCfg = Release|x64
		{BD0F3C2D-FBAD-0762-DBA9-8E0158A7731F}.Release|x64.Build.0 = Release|x64
		{BD0F3C2D-FBAD-0762-DBA9-8E0158A7731F}.Release|x86.ActiveCfg = Release|Win32
		{BD0F3C2D-FBAD-0762-DBA9-8E0158A7731F}.Release|x86.Build.0 = Release|Win32
		{C3728328-FF3A-4975-48E2-CF2F95E6D55C}.Debug|x64.ActiveCfg = Debug|x64
		{C3728328-FF3A-4975-48E2-CF2F95E6D55C}.Debug|x64.Build.0 = Debug|x64
		{C3728328-FF3A-4975-48E2-CF2F95E6D55C}.Debug|x86.ActiveCfg = Debug|Win32
		{C3728328-FF3A-4975-48E2-CF2F95E6D55C}.Debug|x86.Build.0 = Debug|Win32
		{C3728328-FF3A-4975-48E2-CF2F95E6D55C}.Release|x64.ActiveCfg = Release|x64
		{C3728328-FF3A-4975-48E2-CF2F95E6D55C}.Release|x64.Build.0 = Release|x64
		{C3728328-FF3A-4975-48E2-CF2F95E6D55C}.Release|x86.ActiveCfg = Release|Win32
		{C3728328-FF3A-4975-48E2-CF2F95E6D55C}.Release|x86.Build.0 = Release|Win32
		{137452A0-C16F-8CD3-3809-A6A95DD683ED}.Debug|x64.ActiveCfg = Debug|x64
		{137452A0-C16F-8CD3-3809-A6A95DD683ED}.Debug|x64.Build.0 = Debug|x64
		{137452A0-C16F-8CD3-3809-A6A95DD683ED}.Debug|x86.ActiveCfg = Debug|Win32
		{137452A0-C16F-8CD3-3809-A6A95DD683ED}.Debug|x86.Build.0 = Debug|Win32
		{137452A0-C16F-8CD3-3809-A6A95DD683ED}.Release|x64.ActiveCfg = Release|x64
		{137452A0-C16F-8CD3-3809-A6A95DD683ED}.Release|x64.Build.0 = Release|x64
		{137452A0-C16F-8CD3-3809-A6A95DD683ED}.Release|x86.ActiveCfg = Release|Win32
		{137452A0-C16F-8CD3-3809-A6A95DD683ED}.Release|x86.Build.0 = Release|Win32
		{3401E7A4-BF0E-6D1F-39E2-00BE0D129E85}.Debug|x64.ActiveCfg = Debug|x64
		{3401E7A4-BF0E-6D1F-39E2-00BE0D129E85}.Debug|x64.Build.0 = Debug|x64
		{3401E7A4-BF0E-6D1F-39E2-00BE0D129E85}.Debug|x86.ActiveCfg = Debug|Win32
		{3401E7A4-BF0E-6D1F-39E2-00BE0D129E85}.Debug|x86.Build.0 = Debug|Win32
		{3401E7A4-BF0E-6D1F-39E2-00BE0D129E85}.Release|x64.ActiveCfg = Release|x64
		{3401E7A4-BF0E-6D1F-39E2-00BE0D129E85}.Release|x64.Build.0 = Release|x64
		{3401E7A4-BF0E-6D1F-39E2-00BE0D129E85}.Release|x86.ActiveCfg = Release|Win32
		{3401E7A4-BF0E-6D1F-39E2-00BE0D129E85}.Release|x86.Build.0 = Release|Win32
		{7759B1FC-AF7A-F309-7512-3126B9D3708E}.Debug|x64.ActiveCfg = Debug|x64
		{7759B1FC-AF7A-F309-7512-3126B9D3708E}.Debug|x64.Build.0 = Debug|x64
		{7759B1FC-AF7A-F309-7512-3126B9D3708E}.Debug|x86.ActiveCfg = Debug|Win32
		{7759B1FC-AF7A-F309-7512-3126B9D3708E}.Debug|x86.Build.0 = Debug|Win32
		{7759B1FC-AF7A-F309-7512-3126B9D3708E}.Release|x64.ActiveCfg = Release|x64
		{7759B1FC-AF7A-F309-7512-3126B9D3708E}.Release|x64.Build.0 = Release|x64
		{7759B1FC-AF7A-F309-7512-3126B9D3708E}.Release|x86.ActiveCfg = Release|Win32
		{7759B1FC-AF7A-F309-7512-3126B9D3708E}.Release|x86.Build.0 = Release|Win32
		{AC0484B5-8E95-441D-A8EB-C7733DF18590}.Debug|x64.ActiveCfg = Debug|x64
		{AC0484B5-8E95-441D-A8EB-C7733DF18590}.Debug|x64.Build.0 = Debug|x64
		{AC0484B5-8E95-441D-A8EB-C7733DF18590}.Debug|x86.ActiveCfg = Debug|Win32
		{AC0484B5-8E95-441D-A8EB-C7733DF18590}.Debug|x86.Build.0 = Debug|Win32
		{AC0484B5-8E95-441D-A8EB-C7733DF18590}.Release|x64.ActiveCfg = Release|x64
		{AC0484B5-8E95-441D-A8EB-C7733DF18590}.Release|x64.Build.0 = Release|x64
		{AC0484B5-8E95-441D-A8EB-C7733DF18590}.Release|x86.ActiveCfg = Release|Win32
		{AC0484B5-8E95-441D-A8EB-C7733DF18590}.Release|x86.Build.0 = Release|Win32
		{005FF95A-D9EB-1C1D-9EDE-7D1B3E2F794C}.Debug|x64.ActiveCfg = Debug|x64
		{005FF95A-D9EB-1C1D-9EDE-7D1B3E2F794C}.Debug|x64.Build.0 = Debug|x64
		{005FF95A-D9EB-1C1D-9EDE-7D1B3E2F794C}.Debug|x86.ActiveCfg = Debug|Win32
		{005FF95A-D9EB-1C1D-9EDE-7D1B3E2F794C}.Debug|x86.Build.0 = Debug|Win32
		{005FF95A-D9EB-1C1D-9EDE-7D1B3E2F794C}.Release|x64.ActiveCfg = Release|x64
		{005FF95A-D9EB-1C1D-9EDE-7D1B3E2F794C}.Release|x64.Build.0 = Release|x64
		{005FF95A-D9EB-1C1D-9EDE-7D1B3E2F794C}.Release|x86.ActiveCfg = Release|Win32
		{005FF95A-D9EB-1C1D-9EDE-7D1B3E2F794C}.Release|x86.Build.0 = Release|Win32
		{06DDE1FA-CA90-B560-8C67-896C7737DFB7}.Debug|x64.ActiveCfg = Debug|x64
		{06DDE1FA-CA90-B560-8C67-896C7737DFB7}.Debug|x64.Build.0 = Debug|x64
		{06DDE1FA-CA90-B560-8C67-896C7737DFB7}.Debug|x86.ActiveCfg = Debug|Win32
		{06DDE1FA-CA90-B560-8C67-896C7737DFB7}.Debug|x86.Build.0 = Debug|Win32
		{06DDE1FA-CA90-B560-8C67-896C7737DFB7}.Release|x64.ActiveCfg = Release|x64
		{06DDE1FA-CA90-B560-8C67-896C7737DFB7}.Release|x64.Build.0 = Release|x64
		{06DDE1FA-CA90-B560-8C67-896C7737DFB7}.Release|x86.ActiveCfg = Release|Win32
		{06DDE1FA-CA90-B560-8C67-896C7737DFB7}.Release|x86.Build.0 = Release|Win32
		{27CA995F-CD15-4CEA-FACD-437CBB834C03}.Debug|x64.ActiveCfg = Debug|x64
		{27CA995F-CD15-4CEA-FACD-437CBB834C03}.Debug|x64.Build.0 = Debug|x64
		{27CA995F-CD15-4CEA-FACD-437CBB834C03}.Debug|x86.ActiveCfg = Debug|Win32
		{27CA995F-CD15-4CEA-FACD-437CBB834C03}.Debug|x86.Build.0 = Debug|Win32
		{27CA995F-CD15-4CEA-FACD-437CBB834C03}.Release|x64.ActiveCfg = Release|x64
		{27CA995F-CD15-4CEA-FACD-437CBB834C03}.Release|x64.Build.0 = Release|x64
		{27CA995F-CD15-4CEA-FACD-437CBB834C03}.Release|x86.ActiveCfg = Release|Win32
		{27CA995F-CD15-4CEA-FACD-437CBB834C03}.Release|x86.Build.0 = Release|Win32
		{90D20B03-0495-DC94-63C2-8EFC88918B67}.Debug|x64.ActiveCfg = Debug|x64
		{90D20B03-0495-DC94-63C2-8EFC88918B67}.Debug|x64.Build.0 = Debug|x64
		{90D20B03-0495-DC94-63C2-8EFC88918B67}.Debug|x86.ActiveCfg = Debug|Win32
		{90D20B03-0495-DC94-63C2-8EFC88918B67}.Debug|x86.Build.0 = Debug|Win32
		{90D20B03-0495-DC94-63C2-8EFC88918B67}.Release|x64.ActiveCfg = Release|x64
		{90D20B03-0495-DC94-63C2-8EFC88918B67}.Release|x64.Build.0 = Release|x64
		{90D20B03-0495-DC94-63C2-8EFC88918B67}.Release|x86.ActiveCfg = Release|Win32
		{90D20B03-0495-DC94-63C2-8EFC88918B67}.Release|x86.Build.0 = Release|Win32
	EndGlobalSection
	GlobalSection(SolutionProperties) = preSolution
		HideSolutionNode = FALSE
	EndGlobalSection
	GlobalSection(ExtensibilityGlobals) = postSolution
		SolutionGuid = {9644C944-7E83-487A-AE50-362640137DC6}
	EndGlobalSection
EndGlobal
