
Microsoft Visual Studio Solution File, Format Version 12.00
# Visual Studio Version 17
VisualStudioVersion = 17.14.36401.2 d17.14
MinimumVisualStudioVersion = 10.0.40219.1
Project("{8BC9CEB8-8B4A-11D0-8D11-00A0C91BC942}") = "01. PROCESAMIENTO DE UN ARRAY", "01. PROCESAMIENTO DE UN ARRAY\01. PROCESAMIENTO DE UN ARRAY.vcxproj", "{5FF05A35-4076-C2F2-B68E-FD1477B5FDF9}"
EndProject
Project("{8BC9CEB8-8B4A-11D0-8D11-00A0C91BC942}") = "02.  EJERCICIO", "02.  EJERCICIO\02.  EJERCICIO.vcxproj", "{787EDF7D-3D14-73A2-A338-7ED02BDFC170}"
EndProject
Project("{8BC9CEB8-8B4A-11D0-8D11-00A0C91BC942}") = "03. MULTIPLICACION DE NUMEROS PARES", "03. MULTIPLICACION DE NUMEROS PARES\03. MULTIPLICACION DE NUMEROS PARES.vcxproj", "{2332E42C-8346-05F9-B8DB-FD5EE6090FA3}"
EndProject
Project("{8BC9CEB8-8B4A-11D0-8D11-00A0C91BC942}") = "04. HALLAR NUMERO MAX", "04. HALLAR NUMERO MAX\04. HALLAR NUMERO MAX.vcxproj", "{0BCA504D-01E6-EE3D-1EAF-90F4D885754D}"
EndProject
Project("{8BC9CEB8-8B4A-11D0-8D11-00A0C91BC942}") = "05. HALLAR POSICION DE MAX", "05. HALLAR POSICION DE MAX\05. HALLAR POSICION DE MAX.vcxproj", "{24BF2C2C-0B0A-87EF-697F-FFC75CD1BB9D}"
EndProject
Project("{8BC9CEB8-8B4A-11D0-8D11-00A0C91BC942}") = "06. BUSCAR NUMBER POR POSICION", "06. BUSCAR NUMBER POR POSICION\06. BUSCAR NUMBER POR POSICION.vcxproj", "{1465835C-177E-8F71-A1AA-DEFF620D1AB8}"
EndProject
Project("{8BC9CEB8-8B4A-11D0-8D11-00A0C91BC942}") = "07. FUNCION DE INTERCAMBIO", "07. FUNCION DE INTERCAMBIO\07. FUNCION DE INTERCAMBIO.vcxproj", "{BDE5EAAA-A1E1-71D2-0B18-C8F30E46EE70}"
EndProject
Project("{8BC9CEB8-8B4A-11D0-8D11-00A0C91BC942}") = "08. ORDENAMIENTO BURBUJA", "08. ORDENAMIENTO BURBUJA\08. ORDENAMIENTO BURBUJA.vcxproj", "{AD7BD1AE-F6EE-DE83-D354-811B69C120EE}"
EndProject
Global
	GlobalSection(SolutionConfigurationPlatforms) = preSolution
		Debug|x64 = Debug|x64
		Debug|x86 = Debug|x86
		Release|x64 = Release|x64
		Release|x86 = Release|x86
	EndGlobalSection
	GlobalSection(ProjectConfigurationPlatforms) = postSolution
		{5FF05A35-4076-C2F2-B68E-FD1477B5FDF9}.Debug|x64.ActiveCfg = Debug|x64
		{5FF05A35-4076-C2F2-B68E-FD1477B5FDF9}.Debug|x64.Build.0 = Debug|x64
		{5FF05A35-4076-C2F2-B68E-FD1477B5FDF9}.Debug|x86.ActiveCfg = Debug|Win32
		{5FF05A35-4076-C2F2-B68E-FD1477B5FDF9}.Debug|x86.Build.0 = Debug|Win32
		{5FF05A35-4076-C2F2-B68E-FD1477B5FDF9}.Release|x64.ActiveCfg = Release|x64
		{5FF05A35-4076-C2F2-B68E-FD1477B5FDF9}.Release|x64.Build.0 = Release|x64
		{5FF05A35-4076-C2F2-B68E-FD1477B5FDF9}.Release|x86.ActiveCfg = Release|Win32
		{5FF05A35-4076-C2F2-B68E-FD1477B5FDF9}.Release|x86.Build.0 = Release|Win32
		{787EDF7D-3D14-73A2-A338-7ED02BDFC170}.Debug|x64.ActiveCfg = Debug|x64
		{787EDF7D-3D14-73A2-A338-7ED02BDFC170}.Debug|x64.Build.0 = Debug|x64
		{787EDF7D-3D14-73A2-A338-7ED02BDFC170}.Debug|x86.ActiveCfg = Debug|Win32
		{787EDF7D-3D14-73A2-A338-7ED02BDFC170}.Debug|x86.Build.0 = Debug|Win32
		{787EDF7D-3D14-73A2-A338-7ED02BDFC170}.Release|x64.ActiveCfg = Release|x64
		{787EDF7D-3D14-73A2-A338-7ED02BDFC170}.Release|x64.Build.0 = Release|x64
		{787EDF7D-3D14-73A2-A338-7ED02BDFC170}.Release|x86.ActiveCfg = Release|Win32
		{787EDF7D-3D14-73A2-A338-7ED02BDFC170}.Release|x86.Build.0 = Release|Win32
		{2332E42C-8346-05F9-B8DB-FD5EE6090FA3}.Debug|x64.ActiveCfg = Debug|x64
		{2332E42C-8346-05F9-B8DB-FD5EE6090FA3}.Debug|x64.Build.0 = Debug|x64
		{2332E42C-8346-05F9-B8DB-FD5EE6090FA3}.Debug|x86.ActiveCfg = Debug|Win32
		{2332E42C-8346-05F9-B8DB-FD5EE6090FA3}.Debug|x86.Build.0 = Debug|Win32
		{2332E42C-8346-05F9-B8DB-FD5EE6090FA3}.Release|x64.ActiveCfg = Release|x64
		{2332E42C-8346-05F9-B8DB-FD5EE6090FA3}.Release|x64.Build.0 = Release|x64
		{2332E42C-8346-05F9-B8DB-FD5EE6090FA3}.Release|x86.ActiveCfg = Release|Win32
		{2332E42C-8346-05F9-B8DB-FD5EE6090FA3}.Release|x86.Build.0 = Release|Win32
		{0BCA504D-01E6-EE3D-1EAF-90F4D885754D}.Debug|x64.ActiveCfg = Debug|x64
		{0BCA504D-01E6-EE3D-1EAF-90F4D885754D}.Debug|x64.Build.0 = Debug|x64
		{0BCA504D-01E6-EE3D-1EAF-90F4D885754D}.Debug|x86.ActiveCfg = Debug|Win32
		{0BCA504D-01E6-EE3D-1EAF-90F4D885754D}.Debug|x86.Build.0 = Debug|Win32
		{0BCA504D-01E6-EE3D-1EAF-90F4D885754D}.Release|x64.ActiveCfg = Release|x64
		{0BCA504D-01E6-EE3D-1EAF-90F4D885754D}.Release|x64.Build.0 = Release|x64
		{0BCA504D-01E6-EE3D-1EAF-90F4D885754D}.Release|x86.ActiveCfg = Release|Win32
		{0BCA504D-01E6-EE3D-1EAF-90F4D885754D}.Release|x86.Build.0 = Release|Win32
		{24BF2C2C-0B0A-87EF-697F-FFC75CD1BB9D}.Debug|x64.ActiveCfg = Debug|x64
		{24BF2C2C-0B0A-87EF-697F-FFC75CD1BB9D}.Debug|x64.Build.0 = Debug|x64
		{24BF2C2C-0B0A-87EF-697F-FFC75CD1BB9D}.Debug|x86.ActiveCfg = Debug|Win32
		{24BF2C2C-0B0A-87EF-697F-FFC75CD1BB9D}.Debug|x86.Build.0 = Debug|Win32
		{24BF2C2C-0B0A-87EF-697F-FFC75CD1BB9D}.Release|x64.ActiveCfg = Release|x64
		{24BF2C2C-0B0A-87EF-697F-FFC75CD1BB9D}.Release|x64.Build.0 = Release|x64
		{24BF2C2C-0B0A-87EF-697F-FFC75CD1BB9D}.Release|x86.ActiveCfg = Release|Win32
		{24BF2C2C-0B0A-87EF-697F-FFC75CD1BB9D}.Release|x86.Build.0 = Release|Win32
		{1465835C-177E-8F71-A1AA-DEFF620D1AB8}.Debug|x64.ActiveCfg = Debug|x64
		{1465835C-177E-8F71-A1AA-DEFF620D1AB8}.Debug|x64.Build.0 = Debug|x64
		{1465835C-177E-8F71-A1AA-DEFF620D1AB8}.Debug|x86.ActiveCfg = Debug|Win32
		{1465835C-177E-8F71-A1AA-DEFF620D1AB8}.Debug|x86.Build.0 = Debug|Win32
		{1465835C-177E-8F71-A1AA-DEFF620D1AB8}.Release|x64.ActiveCfg = Release|x64
		{1465835C-177E-8F71-A1AA-DEFF620D1AB8}.Release|x64.Build.0 = Release|x64
		{1465835C-177E-8F71-A1AA-DEFF620D1AB8}.Release|x86.ActiveCfg = Release|Win32
		{1465835C-177E-8F71-A1AA-DEFF620D1AB8}.Release|x86.Build.0 = Release|Win32
		{BDE5EAAA-A1E1-71D2-0B18-C8F30E46EE70}.Debug|x64.ActiveCfg = Debug|x64
		{BDE5EAAA-A1E1-71D2-0B18-C8F30E46EE70}.Debug|x64.Build.0 = Debug|x64
		{BDE5EAAA-A1E1-71D2-0B18-C8F30E46EE70}.Debug|x86.ActiveCfg = Debug|Win32
		{BDE5EAAA-A1E1-71D2-0B18-C8F30E46EE70}.Debug|x86.Build.0 = Debug|Win32
		{BDE5EAAA-A1E1-71D2-0B18-C8F30E46EE70}.Release|x64.ActiveCfg = Release|x64
		{BDE5EAAA-A1E1-71D2-0B18-C8F30E46EE70}.Release|x64.Build.0 = Release|x64
		{BDE5EAAA-A1E1-71D2-0B18-C8F30E46EE70}.Release|x86.ActiveCfg = Release|Win32
		{BDE5EAAA-A1E1-71D2-0B18-C8F30E46EE70}.Release|x86.Build.0 = Release|Win32
		{AD7BD1AE-F6EE-DE83-D354-811B69C120EE}.Debug|x64.ActiveCfg = Debug|x64
		{AD7BD1AE-F6EE-DE83-D354-811B69C120EE}.Debug|x64.Build.0 = Debug|x64
		{AD7BD1AE-F6EE-DE83-D354-811B69C120EE}.Debug|x86.ActiveCfg = Debug|Win32
		{AD7BD1AE-F6EE-DE83-D354-811B69C120EE}.Debug|x86.Build.0 = Debug|Win32
		{AD7BD1AE-F6EE-DE83-D354-811B69C120EE}.Release|x64.ActiveCfg = Release|x64
		{AD7BD1AE-F6EE-DE83-D354-811B69C120EE}.Release|x64.Build.0 = Release|x64
		{AD7BD1AE-F6EE-DE83-D354-811B69C120EE}.Release|x86.ActiveCfg = Release|Win32
		{AD7BD1AE-F6EE-DE83-D354-811B69C120EE}.Release|x86.Build.0 = Release|Win32
	EndGlobalSection
	GlobalSection(SolutionProperties) = preSolution
		HideSolutionNode = FALSE
	EndGlobalSection
	GlobalSection(ExtensibilityGlobals) = postSolution
		SolutionGuid = {58D126CC-271C-41C4-9DEE-0BD2C949AF21}
	EndGlobalSection
EndGlobal
